<?xml version="1.0" encoding="utf-8"?>
<Project ToolsVersion="4.0" xmlns="http://schemas.microsoft.com/developer/msbuild/2003">
  <ItemGroup>
    <ClCompile Include="Examples from gd2-lib\helloworld.c" />
    <ClCompile Include="Antares\Antares.c">
      <Filter>Antares</Filter>
    </ClCompile>
    <ClCompile Include="Antares\SPI.c">
      <Filter>Antares</Filter>
    </ClCompile>
  </ItemGroup>
  <ItemGroup>
    <Filter Include="Platform">
      <UniqueIdentifier>{1df60f6f-f880-41f7-8539-156fbee5c34b}</UniqueIdentifier>
    </Filter>
    <Filter Include="Antares">
      <UniqueIdentifier>{df581c1a-2163-427c-93ef-1dd666fc685f}</UniqueIdentifier>
    </Filter>
  </ItemGroup>
  <ItemGroup>
    <ClInclude Include="Platform\DisplaySettings.h">
      <Filter>Platform</Filter>
    </ClInclude>
    <ClInclude Include="Platform\Platform.h">
      <Filter>Platform</Filter>
    </ClInclude>
    <ClInclude Include="Antares\Antares.h">
      <Filter>Antares</Filter>
    </ClInclude>
  </ItemGroup>
  <ItemGroup>
    <None Include="Antares\SPI.spin2">
      <Filter>Antares</Filter>
    </None>
  </ItemGroup>
</Project>