<?xml version="1.0" encoding="utf-8"?>
<Project ToolsVersion="4.0" xmlns="http://schemas.microsoft.com/developer/msbuild/2003">
  <ItemGroup>
    <ClCompile Include="Antares\Antares.c">
      <Filter>Antares</Filter>
    </ClCompile>
    <ClCompile Include="Antares\SPI.c">
      <Filter>Antares</Filter>
    </ClCompile>
    <ClCompile Include="Examples from gd2-lib\blobs.c">
      <Filter>Examples from gd2-lib</Filter>
    </ClCompile>
    <ClCompile Include="Examples from gd2-lib\fizz.c">
      <Filter>Examples from gd2-lib</Filter>
    </ClCompile>
    <ClCompile Include="Examples from gd2-lib\frogger.c">
      <Filter>Examples from gd2-lib</Filter>
    </ClCompile>
    <ClCompile Include="Examples from gd2-lib\jnr.c">
      <Filter>Examples from gd2-lib</Filter>
    </ClCompile>
    <ClCompile Include="Examples from gd2-lib\jpeg.c">
      <Filter>Examples from gd2-lib</Filter>
    </ClCompile>
    <ClCompile Include="Examples from gd2-lib\kenney.c">
      <Filter>Examples from gd2-lib</Filter>
    </ClCompile>
    <ClCompile Include="Examples from gd2-lib\logo.c">
      <Filter>Examples from gd2-lib</Filter>
    </ClCompile>
    <ClCompile Include="Examples from gd2-lib\mono.c">
      <Filter>Examples from gd2-lib</Filter>
    </ClCompile>
    <ClCompile Include="Examples from gd2-lib\reflection.c">
      <Filter>Examples from gd2-lib</Filter>
    </ClCompile>
    <ClCompile Include="Examples from gd2-lib\simon.c">
      <Filter>Examples from gd2-lib</Filter>
    </ClCompile>
    <ClCompile Include="Examples from gd2-lib\slotgag.c">
      <Filter>Examples from gd2-lib</Filter>
    </ClCompile>
    <ClCompile Include="Examples from gd2-lib\sprites.c">
      <Filter>Examples from gd2-lib</Filter>
    </ClCompile>
    <ClCompile Include="Examples from gd2-lib\tiled.c">
      <Filter>Examples from gd2-lib</Filter>
    </ClCompile>
    <ClCompile Include="Examples from gd2-lib\video1.c">
      <Filter>Examples from gd2-lib</Filter>
    </ClCompile>
    <ClCompile Include="Examples from gd2-lib\walk.c">
      <Filter>Examples from gd2-lib</Filter>
    </ClCompile>
    <ClCompile Include="Examples from gd2-lib\widgets.c">
      <Filter>Examples from gd2-lib</Filter>
    </ClCompile>
    <ClCompile Include="Examples from gd2-lib\helloworld.c">
      <Filter>Examples from gd2-lib</Filter>
    </ClCompile>
  </ItemGroup>
  <ItemGroup>
    <Filter Include="Platform">
      <UniqueIdentifier>{1df60f6f-f880-41f7-8539-156fbee5c34b}</UniqueIdentifier>
    </Filter>
    <Filter Include="Antares">
      <UniqueIdentifier>{df581c1a-2163-427c-93ef-1dd666fc685f}</UniqueIdentifier>
    </Filter>
    <Filter Include="Examples from gd2-lib">
      <UniqueIdentifier>{d3048f10-c54c-4fc5-9eaa-d4c41176a975}</UniqueIdentifier>
    </Filter>
  </ItemGroup>
  <ItemGroup>
    <ClInclude Include="Platform\DisplaySettings.h">
      <Filter>Platform</Filter>
    </ClInclude>
    <ClInclude Include="Platform\Platform.h">
      <Filter>Platform</Filter>
    </ClInclude>
    <ClInclude Include="Antares\Antares.h">
      <Filter>Antares</Filter>
    </ClInclude>
    <ClInclude Include="Examples from gd2-lib\frogger_assets.h">
      <Filter>Examples from gd2-lib</Filter>
    </ClInclude>
    <ClInclude Include="Examples from gd2-lib\jnr_assets.h">
      <Filter>Examples from gd2-lib</Filter>
    </ClInclude>
    <ClInclude Include="Examples from gd2-lib\kenney_assets.h">
      <Filter>Examples from gd2-lib</Filter>
    </ClInclude>
    <ClInclude Include="Examples from gd2-lib\mono_assets.h">
      <Filter>Examples from gd2-lib</Filter>
    </ClInclude>
    <ClInclude Include="Examples from gd2-lib\reflection_assets.h">
      <Filter>Examples from gd2-lib</Filter>
    </ClInclude>
    <ClInclude Include="Examples from gd2-lib\slotgag_assets.h">
      <Filter>Examples from gd2-lib</Filter>
    </ClInclude>
    <ClInclude Include="Examples from gd2-lib\sprites_assets.h">
      <Filter>Examples from gd2-lib</Filter>
    </ClInclude>
    <ClInclude Include="Examples from gd2-lib\tiled_assets.h">
      <Filter>Examples from gd2-lib</Filter>
    </ClInclude>
    <ClInclude Include="Examples from gd2-lib\walk_assets.h">
      <Filter>Examples from gd2-lib</Filter>
    </ClInclude>
  </ItemGroup>
  <ItemGroup>
    <None Include="Antares\SPI.spin2">
      <Filter>Antares</Filter>
    </None>
    <None Include="build.bat" />
    <None Include="Examples from gd2-lib\logo.gd2">
      <Filter>Examples from gd2-lib</Filter>
    </None>
  </ItemGroup>
</Project>